
Microsoft Visual Studio Solution File, Format Version 12.00
# Visual Studio Version 16
VisualStudioVersion = 16.0.29001.49
MinimumVisualStudioVersion = 10.0.40219.1
Project("{FAE04EC0-301F-11D3-BF4B-00C04F79EFBC}") = "MotorDepot.Domain", "MotorDepot.Domain\MotorDepot.Domain.csproj", "{9FA1EB29-C736-463A-92E3-1D5166BB1511}"
EndProject
Project("{FAE04EC0-301F-11D3-BF4B-00C04F79EFBC}") = "MotorDepot.WebUI", "MotorDepot.WebUI\MotorDepot.WebUI.csproj", "{083C33F5-70B8-4CD4-ADD1-29EF9375AFD6}"
EndProject
Project("{FAE04EC0-301F-11D3-BF4B-00C04F79EFBC}") = "MotorDepot.UnitTests", "MotorDepot.UnitTests\MotorDepot.UnitTests.csproj", "{3816FFD0-0C1C-4C25-9368-2D65D646F10B}"
EndProject
Global
	GlobalSection(SolutionConfigurationPlatforms) = preSolution
		Debug|Any CPU = Debug|Any CPU
		Release|Any CPU = Release|Any CPU
	EndGlobalSection
	GlobalSection(ProjectConfigurationPlatforms) = postSolution
		{9FA1EB29-C736-463A-92E3-1D5166BB1511}.Debug|Any CPU.ActiveCfg = Debug|Any CPU
		{9FA1EB29-C736-463A-92E3-1D5166BB1511}.Debug|Any CPU.Build.0 = Debug|Any CPU
		{9FA1EB29-C736-463A-92E3-1D5166BB1511}.Release|Any CPU.ActiveCfg = Release|Any CPU
		{9FA1EB29-C736-463A-92E3-1D5166BB1511}.Release|Any CPU.Build.0 = Release|Any CPU
		{083C33F5-70B8-4CD4-ADD1-29EF9375AFD6}.Debug|Any CPU.ActiveCfg = Debug|Any CPU
		{083C33F5-70B8-4CD4-ADD1-29EF9375AFD6}.Debug|Any CPU.Build.0 = Debug|Any CPU
		{083C33F5-70B8-4CD4-ADD1-29EF9375AFD6}.Release|Any CPU.ActiveCfg = Release|Any CPU
		{083C33F5-70B8-4CD4-ADD1-29EF9375AFD6}.Release|Any CPU.Build.0 = Release|Any CPU
		{3816FFD0-0C1C-4C25-9368-2D65D646F10B}.Debug|Any CPU.ActiveCfg = Debug|Any CPU
		{3816FFD0-0C1C-4C25-9368-2D65D646F10B}.Debug|Any CPU.Build.0 = Debug|Any CPU
		{3816FFD0-0C1C-4C25-9368-2D65D646F10B}.Release|Any CPU.ActiveCfg = Release|Any CPU
		{3816FFD0-0C1C-4C25-9368-2D65D646F10B}.Release|Any CPU.Build.0 = Release|Any CPU
	EndGlobalSection
	GlobalSection(SolutionProperties) = preSolution
		HideSolutionNode = FALSE
	EndGlobalSection
	GlobalSection(ExtensibilityGlobals) = postSolution
		SolutionGuid = {00EC3E6B-0EA9-4DF7-9E6C-8723374D32F1}
	EndGlobalSection
EndGlobal
